Microsoft Visual Studio Solution File, Format Version 12.00
# Visual Studio 2012
Project("{FAE04EC0-301F-11D3-BF4B-00C04F79EFBC}") = "Multiplayer RPG", "Multiplayer RPG.csproj", "{E449C8D9-2818-458A-951A-0F5C87D9CD2E}"
EndProject
Global
	GlobalSection(SolutionConfigurationPlatforms) = preSolution
	Debug|Any CPU = Debug|Any CPU
	ExportDebug|Any CPU = ExportDebug|Any CPU
	ExportRelease|Any CPU = ExportRelease|Any CPU
	EndGlobalSection
	GlobalSection(ProjectConfigurationPlatforms) = postSolution
		{E449C8D9-2818-458A-951A-0F5C87D9CD2E}.Debug|Any CPU.ActiveCfg = Debug|Any CPU
		{E449C8D9-2818-458A-951A-0F5C87D9CD2E}.Debug|Any CPU.Build.0 = Debug|Any CPU
		{E449C8D9-2818-458A-951A-0F5C87D9CD2E}.ExportDebug|Any CPU.ActiveCfg = ExportDebug|Any CPU
		{E449C8D9-2818-458A-951A-0F5C87D9CD2E}.ExportDebug|Any CPU.Build.0 = ExportDebug|Any CPU
		{E449C8D9-2818-458A-951A-0F5C87D9CD2E}.ExportRelease|Any CPU.ActiveCfg = ExportRelease|Any CPU
		{E449C8D9-2818-458A-951A-0F5C87D9CD2E}.ExportRelease|Any CPU.Build.0 = ExportRelease|Any CPU
	EndGlobalSection
EndGlobal
